<?xml version="1.0" encoding="utf-8"?>
<Project ToolsVersion="4.0" xmlns="http://schemas.microsoft.com/developer/msbuild/2003">
  <ItemGroup>
    <Filter Include="Source Files">
      <UniqueIdentifier>{4FC737F1-C7A5-4376-A066-2A32D752A2FF}</UniqueIdentifier>
      <Extensions>cpp;c;cc;cxx;def;odl;idl;hpj;bat;asm;asmx</Extensions>
    </Filter>
    <Filter Include="Header Files">
      <UniqueIdentifier>{93995380-89BD-4b04-88EB-625FBE52EBFB}</UniqueIdentifier>
      <Extensions>h;hh;hpp;hxx;hm;inl;inc;xsd</Extensions>
    </Filter>
    <Filter Include="Resource Files">
      <UniqueIdentifier>{67DA6AB6-F800-4c08-8B7A-83BB121AAD01}</UniqueIdentifier>
      <Extensions>rc;ico;cur;bmp;dlg;rc2;rct;bin;rgs;gif;jpg;jpeg;jpe;resx;tiff;tif;png;wav;mfcribbon-ms</Extensions>
    </Filter>
  </ItemGroup>
  <ItemGroup>
    <ClCompile Include="Source\Game\GameBoard.cpp">
      <Filter>Source Files</Filter>
    </ClCompile>
    <ClCompile Include="Source\Game\GameComponents\EnemyMovementComponent.cpp">
      <Filter>Source Files</Filter>
    </ClCompile>
    <ClCompile Include="Source\Game\GameComponents\PlayerCameraComponent.cpp">
      <Filter>Source Files</Filter>
    </ClCompile>
    <ClCompile Include="Source\Game\GameComponents\PlayerMovementComponent.cpp">
      <Filter>Source Files</Filter>
    </ClCompile>
    <ClCompile Include="Source\Game\GameComponents\ProjectileComponent.cpp">
      <Filter>Source Files</Filter>
    </ClCompile>
    <ClCompile Include="Source\Game\GameEntities\BulletEntity.cpp">
      <Filter>Source Files</Filter>
    </ClCompile>
    <ClCompile Include="Source\Game\GameEntities\EnemyEntity.cpp">
      <Filter>Source Files</Filter>
    </ClCompile>
    <ClCompile Include="Source\Game\GameEntities\ObstacleEntity.cpp">
      <Filter>Source Files</Filter>
    </ClCompile>
    <ClCompile Include="Source\Game\GameEntities\PlayerEntity.cpp">
      <Filter>Source Files</Filter>
    </ClCompile>
    <ClCompile Include="Source\GameEngine\EntitySystem\Component.cpp">
      <Filter>Source Files</Filter>
    </ClCompile>
    <ClCompile Include="Source\GameEngine\EntitySystem\Components\AnimationComponent.cpp">
      <Filter>Source Files</Filter>
    </ClCompile>
    <ClCompile Include="Source\GameEngine\EntitySystem\Components\CollidableComponent.cpp">
      <Filter>Source Files</Filter>
    </ClCompile>
    <ClCompile Include="Source\GameEngine\EntitySystem\Components\CollidablePhysicsComponent.cpp">
      <Filter>Source Files</Filter>
    </ClCompile>
    <ClCompile Include="Source\GameEngine\EntitySystem\Components\ParticleComponent.cpp">
      <Filter>Source Files</Filter>
    </ClCompile>
    <ClCompile Include="Source\GameEngine\EntitySystem\Components\ParticleEmitterComponent.cpp">
      <Filter>Source Files</Filter>
    </ClCompile>
    <ClCompile Include="Source\GameEngine\EntitySystem\Components\RenderComponent.cpp">
      <Filter>Source Files</Filter>
    </ClCompile>
    <ClCompile Include="Source\GameEngine\EntitySystem\Components\SoundComponent.cpp">
      <Filter>Source Files</Filter>
    </ClCompile>
    <ClCompile Include="Source\GameEngine\EntitySystem\Components\SpriteRenderComponent.cpp">
      <Filter>Source Files</Filter>
    </ClCompile>
    <ClCompile Include="Source\GameEngine\EntitySystem\Components\TextRenderComponent.cpp">
      <Filter>Source Files</Filter>
    </ClCompile>
    <ClCompile Include="Source\GameEngine\EntitySystem\Components\ZoneTriggerComponent.cpp">
      <Filter>Source Files</Filter>
    </ClCompile>
    <ClCompile Include="Source\GameEngine\EntitySystem\Entity.cpp">
      <Filter>Source Files</Filter>
    </ClCompile>
    <ClCompile Include="Source\GameEngine\GameEngineMain.cpp">
      <Filter>Source Files</Filter>
    </ClCompile>
    <ClCompile Include="Source\GameEngine\Util\AnimationManager.cpp">
      <Filter>Source Files</Filter>
    </ClCompile>
    <ClCompile Include="Source\GameEngine\Util\CameraManager.cpp">
      <Filter>Source Files</Filter>
    </ClCompile>
    <ClCompile Include="Source\GameEngine\Util\CollisionManager.cpp">
      <Filter>Source Files</Filter>
    </ClCompile>
    <ClCompile Include="Source\GameEngine\Util\SoundManager.cpp">
      <Filter>Source Files</Filter>
    </ClCompile>
    <ClCompile Include="Source\GameEngine\Util\TextureManager.cpp">
      <Filter>Source Files</Filter>
    </ClCompile>
    <ClCompile Include="Source\main.cpp">
      <Filter>Source Files</Filter>
    </ClCompile>
  </ItemGroup>
  <ItemGroup>
    <ClInclude Include="Source\Game\GameBoard.h">
      <Filter>Source Files</Filter>
    </ClInclude>
    <ClInclude Include="Source\Game\GameComponents\EnemyMovementComponent.h">
      <Filter>Source Files</Filter>
    </ClInclude>
    <ClInclude Include="Source\Game\GameComponents\PlayerCameraComponent.h">
      <Filter>Source Files</Filter>
    </ClInclude>
    <ClInclude Include="Source\Game\GameComponents\PlayerGunRenderComponent.h">
      <Filter>Source Files</Filter>
    </ClInclude>
    <ClInclude Include="Source\Game\GameComponents\PlayerMovementComponent.h">
      <Filter>Source Files</Filter>
    </ClInclude>
    <ClInclude Include="Source\Game\GameComponents\ProjectileComponent.h">
      <Filter>Source Files</Filter>
    </ClInclude>
    <ClInclude Include="Source\Game\GameComponents\UIRenderComponent.h">
      <Filter>Source Files</Filter>
    </ClInclude>
    <ClInclude Include="Source\Game\GameEntities\BulletEntity.h">
      <Filter>Source Files</Filter>
    </ClInclude>
    <ClInclude Include="Source\Game\GameEntities\EnemyEntity.h">
      <Filter>Source Files</Filter>
    </ClInclude>
    <ClInclude Include="Source\Game\GameEntities\ObstacleEntity.h">
      <Filter>Source Files</Filter>
    </ClInclude>
    <ClInclude Include="Source\Game\GameEntities\PlayerEntity.h">
      <Filter>Source Files</Filter>
    </ClInclude>
    <ClInclude Include="Source\Game\GameEntities\World\BlockGrassEntity.h">
      <Filter>Source Files</Filter>
    </ClInclude>
    <ClInclude Include="Source\Game\GameEntities\World\ButtonEntity.h">
      <Filter>Source Files</Filter>
    </ClInclude>
    <ClInclude Include="Source\Game\GameEntities\World\CloudEntity.h">
      <Filter>Source Files</Filter>
    </ClInclude>
    <ClInclude Include="Source\Game\GameEntities\World\FlagEntity.h">
      <Filter>Source Files</Filter>
    </ClInclude>
    <ClInclude Include="Source\Game\GameEntities\World\FoliageEntity.h">
      <Filter>Source Files</Filter>
    </ClInclude>
    <ClInclude Include="Source\Game\GameEntities\World\GemEntity.h">
      <Filter>Source Files</Filter>
    </ClInclude>
    <ClInclude Include="Source\Game\GameEntities\World\LadderEntity.h">
      <Filter>Source Files</Filter>
    </ClInclude>
    <ClInclude Include="Source\GameEngine\EntitySystem\Component.h">
      <Filter>Source Files</Filter>
    </ClInclude>
    <ClInclude Include="Source\GameEngine\EntitySystem\Components\AnimationComponent.h">
      <Filter>Source Files</Filter>
    </ClInclude>
    <ClInclude Include="Source\GameEngine\EntitySystem\Components\CollidableComponent.h">
      <Filter>Source Files</Filter>
    </ClInclude>
    <ClInclude Include="Source\GameEngine\EntitySystem\Components\CollidablePhysicsComponent.h">
      <Filter>Source Files</Filter>
    </ClInclude>
    <ClInclude Include="Source\GameEngine\EntitySystem\Components\ParticleComponent.h">
      <Filter>Source Files</Filter>
    </ClInclude>
    <ClInclude Include="Source\GameEngine\EntitySystem\Components\ParticleEmitterComponent.h">
      <Filter>Source Files</Filter>
    </ClInclude>
    <ClInclude Include="Source\GameEngine\EntitySystem\Components\RenderComponent.h">
      <Filter>Source Files</Filter>
    </ClInclude>
    <ClInclude Include="Source\GameEngine\EntitySystem\Components\SoundComponent.h">
      <Filter>Source Files</Filter>
    </ClInclude>
    <ClInclude Include="Source\GameEngine\EntitySystem\Components\SpriteRenderComponent.h">
      <Filter>Source Files</Filter>
    </ClInclude>
    <ClInclude Include="Source\GameEngine\EntitySystem\Components\TextRenderComponent.h">
      <Filter>Source Files</Filter>
    </ClInclude>
    <ClInclude Include="Source\GameEngine\EntitySystem\Components\ZoneTriggerComponent.h">
      <Filter>Source Files</Filter>
    </ClInclude>
    <ClInclude Include="Source\GameEngine\EntitySystem\Entity.h">
      <Filter>Source Files</Filter>
    </ClInclude>
    <ClInclude Include="Source\GameEngine\GameEngineMain.h">
      <Filter>Source Files</Filter>
    </ClInclude>
    <ClInclude Include="Source\GameEngine\Util\AABBUtil.h">
      <Filter>Source Files</Filter>
    </ClInclude>
    <ClInclude Include="Source\GameEngine\Util\AnimationManager.h">
      <Filter>Source Files</Filter>
    </ClInclude>
    <ClInclude Include="Source\GameEngine\Util\CameraManager.h">
      <Filter>Source Files</Filter>
    </ClInclude>
    <ClInclude Include="Source\GameEngine\Util\CollisionManager.h">
      <Filter>Source Files</Filter>
    </ClInclude>
    <ClInclude Include="Source\GameEngine\Util\MovableGroup.h">
      <Filter>Source Files</Filter>
    </ClInclude>
    <ClInclude Include="Source\GameEngine\Util\SoundManager.h">
      <Filter>Source Files</Filter>
    </ClInclude>
    <ClInclude Include="Source\GameEngine\Util\TextureManager.h">
      <Filter>Source Files</Filter>
    </ClInclude>
  </ItemGroup>
</Project>